Microsoft Visual Studio Solution File, Format Version 12.00
# Visual Studio Version 17
VisualStudioVersion = 17.5.2.0
MinimumVisualStudioVersion = 10.0.40219.1
Project("{FAE04EC0-301F-11D3-BF4B-00C04F79EFBC}") = "MemoryApp", "MemoryApp.csproj", "{0EB2A09F-C5ED-56C4-442B-F8B93EF9F4DE}"
EndProject
Global
	GlobalSection(SolutionConfigurationPlatforms) = preSolution
		Debug|Any CPU = Debug|Any CPU
		Release|Any CPU = Release|Any CPU
	EndGlobalSection
	GlobalSection(ProjectConfigurationPlatforms) = postSolution
		{0EB2A09F-C5ED-56C4-442B-F8B93EF9F4DE}.Debug|Any CPU.ActiveCfg = Debug|Any CPU
		{0EB2A09F-C5ED-56C4-442B-F8B93EF9F4DE}.Debug|Any CPU.Build.0 = Debug|Any CPU
		{0EB2A09F-C5ED-56C4-442B-F8B93EF9F4DE}.Release|Any CPU.ActiveCfg = Release|Any CPU
		{0EB2A09F-C5ED-56C4-442B-F8B93EF9F4DE}.Release|Any CPU.Build.0 = Release|Any CPU
	EndGlobalSection
	GlobalSection(SolutionProperties) = preSolution
		HideSolutionNode = FALSE
	EndGlobalSection
	GlobalSection(ExtensibilityGlobals) = postSolution
		SolutionGuid = {56F3BCEB-AC04-4A42-B575-18A62D929985}
	EndGlobalSection
EndGlobal
